{
  "name": "hello-world-plugin",
  "version": "1.0.0",
  "lockfileVersion": 3,
  "requires": true,
  "packages": {
    "": {
      "name": "hello-world-plugin",
      "version": "1.0.0",
      "license": "MIT",
      "devDependencies": {
        "@moduul/builder": "file:../../packages/builder"
      }
    },
    "../../packages/builder": {
      "name": "@moduul/builder",
      "version": "0.0.0",
      "dev": true,
      "license": "MIT",
      "dependencies": {
        "adm-zip": "^0.5.16",
        "commander": "^14.0.2",
        "esbuild": "^0.27.2"
      },
      "bin": {
        "moduul-builder": "dist/bin/moduul-builder.js"
      },
      "devDependencies": {
        "@types/adm-zip": "^0.5.7",
        "@types/node": "^20.19.30"
      }
    },
    "node_modules/@moduul/builder": {
      "resolved": "../../packages/builder",
      "link": true
    }
  }
}
